
Microsoft Visual Studio Solution File, Format Version 12.00
# Visual Studio Version 16
VisualStudioVersion = 16.0.30804.86
MinimumVisualStudioVersion = 10.0.40219.1
Project("{FAE04EC0-301F-11D3-BF4B-00C04F79EFBC}") = "Reporting_AspNetCore_Create_Custom_Control", "Reporting_AspNetCore_Create_Custom_Control\Reporting_AspNetCore_Create_Custom_Control.csproj", "{FF8C7B95-2C3F-48BB-BED9-784A31E66359}"
EndProject
Global
	GlobalSection(SolutionConfigurationPlatforms) = preSolution
		Debug|Any CPU = Debug|Any CPU
		Release|Any CPU = Release|Any CPU
	EndGlobalSection
	GlobalSection(ProjectConfigurationPlatforms) = postSolution
		{FF8C7B95-2C3F-48BB-BED9-784A31E66359}.Debug|Any CPU.ActiveCfg = Debug|Any CPU
		{FF8C7B95-2C3F-48BB-BED9-784A31E66359}.Debug|Any CPU.Build.0 = Debug|Any CPU
		{FF8C7B95-2C3F-48BB-BED9-784A31E66359}.Release|Any CPU.ActiveCfg = Release|Any CPU
		{FF8C7B95-2C3F-48BB-BED9-784A31E66359}.Release|Any CPU.Build.0 = Release|Any CPU
	EndGlobalSection
	GlobalSection(SolutionProperties) = preSolution
		HideSolutionNode = FALSE
	EndGlobalSection
	GlobalSection(ExtensibilityGlobals) = postSolution
		SolutionGuid = {33104E26-B792-486E-BC8D-ED600B38A642}
	EndGlobalSection
EndGlobal
